
Microsoft Visual Studio Solution File, Format Version 12.00
# Visual Studio Version 16
VisualStudioVersion = 16.0.30320.27
MinimumVisualStudioVersion = 10.0.40219.1
Project("{8BC9CEB8-8B4A-11D0-8D11-00A0C91BC942}") = "OfficeSupplyStoreInventory", "OfficeSupplyStoreInventory\OfficeSupplyStoreInventory.vcxproj", "{674134B5-AA36-4A03-95D3-4F752E602C86}"
EndProject
Global
	GlobalSection(SolutionConfigurationPlatforms) = preSolution
		Debug|x64 = Debug|x64
		Debug|x86 = Debug|x86
		Release|x64 = Release|x64
		Release|x86 = Release|x86
	EndGlobalSection
	GlobalSection(ProjectConfigurationPlatforms) = postSolution
		{674134B5-AA36-4A03-95D3-4F752E602C86}.Debug|x64.ActiveCfg = Debug|x64
		{674134B5-AA36-4A03-95D3-4F752E602C86}.Debug|x64.Build.0 = Debug|x64
		{674134B5-AA36-4A03-95D3-4F752E602C86}.Debug|x86.ActiveCfg = Debug|Win32
		{674134B5-AA36-4A03-95D3-4F752E602C86}.Debug|x86.Build.0 = Debug|Win32
		{674134B5-AA36-4A03-95D3-4F752E602C86}.Release|x64.ActiveCfg = Release|x64
		{674134B5-AA36-4A03-95D3-4F752E602C86}.Release|x64.Build.0 = Release|x64
		{674134B5-AA36-4A03-95D3-4F752E602C86}.Release|x86.ActiveCfg = Release|Win32
		{674134B5-AA36-4A03-95D3-4F752E602C86}.Release|x86.Build.0 = Release|Win32
	EndGlobalSection
	GlobalSection(SolutionProperties) = preSolution
		HideSolutionNode = FALSE
	EndGlobalSection
	GlobalSection(ExtensibilityGlobals) = postSolution
		SolutionGuid = {159118B5-CD77-4762-B205-1F0141B82FCE}
	EndGlobalSection
EndGlobal
